
Microsoft Visual Studio Solution File, Format Version 12.00
# Visual Studio Version 16
VisualStudioVersion = 16.0.30413.136
MinimumVisualStudioVersion = 10.0.40219.1
Project("{FAE04EC0-301F-11D3-BF4B-00C04F79EFBC}") = "CSharpInterviewQuestions", "CSharpInterviewQuestions\CSharpInterviewQuestions.csproj", "{2FF18031-E39B-4028-8F82-7D1B80725568}"
EndProject
Global
	GlobalSection(SolutionConfigurationPlatforms) = preSolution
		Debug|Any CPU = Debug|Any CPU
		Release|Any CPU = Release|Any CPU
	EndGlobalSection
	GlobalSection(ProjectConfigurationPlatforms) = postSolution
		{2FF18031-E39B-4028-8F82-7D1B80725568}.Debug|Any CPU.ActiveCfg = Debug|Any CPU
		{2FF18031-E39B-4028-8F82-7D1B80725568}.Debug|Any CPU.Build.0 = Debug|Any CPU
		{2FF18031-E39B-4028-8F82-7D1B80725568}.Release|Any CPU.ActiveCfg = Release|Any CPU
		{2FF18031-E39B-4028-8F82-7D1B80725568}.Release|Any CPU.Build.0 = Release|Any CPU
	EndGlobalSection
	GlobalSection(SolutionProperties) = preSolution
		HideSolutionNode = FALSE
	EndGlobalSection
	GlobalSection(ExtensibilityGlobals) = postSolution
		SolutionGuid = {3447839E-E46B-44F8-BDC9-50A0438AA881}
	EndGlobalSection
EndGlobal
